<?xml version="1.0" encoding="utf-8"?>
<Project ToolsVersion="17.0" xmlns="http://schemas.microsoft.com/developer/msbuild/2003">
  <ItemGroup>
    <ClCompile Include="E:\Work\git\HaierProtocol\src\utils\haier_log.cpp">
      <Filter>Source Files</Filter>
    </ClCompile>
    <ClCompile Include="E:\Work\git\HaierProtocol\tools\remote_serial_bridge\main.cpp">
      <Filter>Source Files</Filter>
    </ClCompile>
    <ClCompile Include="E:\Work\git\HaierProtocol\tools\utils\console_log.cpp">
      <Filter>Source Files</Filter>
    </ClCompile>
    <ClCompile Include="E:\Work\git\HaierProtocol\tools\utils\serial_stream.cpp">
      <Filter>Source Files</Filter>
    </ClCompile>
  </ItemGroup>
  <ItemGroup>
    <CustomBuild Include="E:\Work\git\HaierProtocol\tools\remote_serial_bridge\CMakeLists.txt" />
  </ItemGroup>
  <ItemGroup>
    <Filter Include="Source Files">
      <UniqueIdentifier>{45C5127E-E7A8-349D-90CA-FF6A3157FC5D}</UniqueIdentifier>
    </Filter>
  </ItemGroup>
</Project>
